
Microsoft Visual Studio Solution File, Format Version 12.00
# Visual Studio Version 17
VisualStudioVersion = 17.13.35806.99 d17.13
MinimumVisualStudioVersion = 10.0.40219.1
Project("{FAE04EC0-301F-11D3-BF4B-00C04F79EFBC}") = "BookDomain", "BookDomain\BookDomain.csproj", "{04822271-6D0C-48E9-B765-48624878481B}"
EndProject
Project("{FAE04EC0-301F-11D3-BF4B-00C04F79EFBC}") = "BookInfrastructure", "BookInfrastructure\BookInfrastructure.csproj", "{DCF547FC-216F-40A1-9524-2C77C9BCC59D}"
EndProject
Global
	GlobalSection(SolutionConfigurationPlatforms) = preSolution
		Debug|Any CPU = Debug|Any CPU
		Release|Any CPU = Release|Any CPU
	EndGlobalSection
	GlobalSection(ProjectConfigurationPlatforms) = postSolution
		{04822271-6D0C-48E9-B765-48624878481B}.Debug|Any CPU.ActiveCfg = Debug|Any CPU
		{04822271-6D0C-48E9-B765-48624878481B}.Debug|Any CPU.Build.0 = Debug|Any CPU
		{04822271-6D0C-48E9-B765-48624878481B}.Release|Any CPU.ActiveCfg = Release|Any CPU
		{04822271-6D0C-48E9-B765-48624878481B}.Release|Any CPU.Build.0 = Release|Any CPU
		{DCF547FC-216F-40A1-9524-2C77C9BCC59D}.Debug|Any CPU.ActiveCfg = Debug|Any CPU
		{DCF547FC-216F-40A1-9524-2C77C9BCC59D}.Debug|Any CPU.Build.0 = Debug|Any CPU
		{DCF547FC-216F-40A1-9524-2C77C9BCC59D}.Release|Any CPU.ActiveCfg = Release|Any CPU
		{DCF547FC-216F-40A1-9524-2C77C9BCC59D}.Release|Any CPU.Build.0 = Release|Any CPU
	EndGlobalSection
	GlobalSection(SolutionProperties) = preSolution
		HideSolutionNode = FALSE
	EndGlobalSection
	GlobalSection(ExtensibilityGlobals) = postSolution
		SolutionGuid = {DC722D05-CF59-44FA-B791-BC6560188251}
	EndGlobalSection
EndGlobal
